
Microsoft Visual Studio Solution File, Format Version 12.00
# Visual Studio 2013
VisualStudioVersion = 12.0.31101.0
MinimumVisualStudioVersion = 10.0.40219.1
Project("{2150E333-8FDC-42A3-9474-1A3956D46DE8}") = "[0] Core", "[0] Core", "{B2A85767-7B95-4C4A-BACC-21697256B2E1}"
EndProject
Project("{2150E333-8FDC-42A3-9474-1A3956D46DE8}") = "[1] Lib", "[1] Lib", "{31D850CA-6EA9-499E-9078-54C21512A98D}"
EndProject
Project("{2150E333-8FDC-42A3-9474-1A3956D46DE8}") = "[2] HTTP", "[2] HTTP", "{E6623611-CA91-4728-8973-4F8255230688}"
EndProject
Project("{FAE04EC0-301F-11D3-BF4B-00C04F79EFBC}") = "OrbitStore.Web", "OrbitStore.Web\OrbitStore.Web.csproj", "{A897C9E6-AE9D-4046-9BD0-FC942F49C1F2}"
EndProject
Project("{FAE04EC0-301F-11D3-BF4B-00C04F79EFBC}") = "OrbitStore.Web.Tests", "OrbitStore.Web.Tests\OrbitStore.Web.Tests.csproj", "{B8D85F78-D15A-4516-92F1-8A039E985C26}"
EndProject
Global
	GlobalSection(SolutionConfigurationPlatforms) = preSolution
		Debug|Any CPU = Debug|Any CPU
		Release|Any CPU = Release|Any CPU
	EndGlobalSection
	GlobalSection(ProjectConfigurationPlatforms) = postSolution
		{A897C9E6-AE9D-4046-9BD0-FC942F49C1F2}.Debug|Any CPU.ActiveCfg = Debug|Any CPU
		{A897C9E6-AE9D-4046-9BD0-FC942F49C1F2}.Debug|Any CPU.Build.0 = Debug|Any CPU
		{A897C9E6-AE9D-4046-9BD0-FC942F49C1F2}.Release|Any CPU.ActiveCfg = Release|Any CPU
		{A897C9E6-AE9D-4046-9BD0-FC942F49C1F2}.Release|Any CPU.Build.0 = Release|Any CPU
		{B8D85F78-D15A-4516-92F1-8A039E985C26}.Debug|Any CPU.ActiveCfg = Debug|Any CPU
		{B8D85F78-D15A-4516-92F1-8A039E985C26}.Debug|Any CPU.Build.0 = Debug|Any CPU
		{B8D85F78-D15A-4516-92F1-8A039E985C26}.Release|Any CPU.ActiveCfg = Release|Any CPU
		{B8D85F78-D15A-4516-92F1-8A039E985C26}.Release|Any CPU.Build.0 = Release|Any CPU
	EndGlobalSection
	GlobalSection(SolutionProperties) = preSolution
		HideSolutionNode = FALSE
	EndGlobalSection
	GlobalSection(NestedProjects) = preSolution
		{A897C9E6-AE9D-4046-9BD0-FC942F49C1F2} = {E6623611-CA91-4728-8973-4F8255230688}
		{B8D85F78-D15A-4516-92F1-8A039E985C26} = {E6623611-CA91-4728-8973-4F8255230688}
	EndGlobalSection
EndGlobal
